// !$*UTF8*$!
{
	archiveVersion = 1;
	classes = {
	};
	objectVersion = 51;
	objects = {

/* Begin PBXBuildFile section */
		2E71F7CAE67807B58983B4EF /* Pods_SaintP_Metro.framework in Frameworks */ = {isa = PBXBuildFile; fileRef = D23481C64FB84F4C5BDE6B66 /* Pods_SaintP_Metro.framework */; };
		CE375CCA26C163B800917607 /* AppDelegate.swift in Sources */ = {isa = PBXBuildFile; fileRef = CE375CC926C163B800917607 /* AppDelegate.swift */; };
		CE375CCC26C163B800917607 /* SceneDelegate.swift in Sources */ = {isa = PBXBuildFile; fileRef = CE375CCB26C163B800917607 /* SceneDelegate.swift */; };
		CE375CCE26C163B800917607 /* ViewController.swift in Sources */ = {isa = PBXBuildFile; fileRef = CE375CCD26C163B800917607 /* ViewController.swift */; };
		CE375CD126C163B800917607 /* Main.storyboard in Resources */ = {isa = PBXBuildFile; fileRef = CE375CCF26C163B800917607 /* Main.storyboard */; };
		CE375CD326C163BC00917607 /* Assets.xcassets in Resources */ = {isa = PBXBuildFile; fileRef = CE375CD226C163BC00917607 /* Assets.xcassets */; };
		CE375CD626C163BC00917607 /* LaunchScreen.storyboard in Resources */ = {isa = PBXBuildFile; fileRef = CE375CD426C163BC00917607 /* LaunchScreen.storyboard */; };
		CE375CDF26C164B300917607 /* .gitignore in Resources */ = {isa = PBXBuildFile; fileRef = CE375CDE26C164B300917607 /* .gitignore */; };
		CE40507B26C5681A00466860 /* Station.swift in Sources */ = {isa = PBXBuildFile; fileRef = CE40507A26C5681A00466860 /* Station.swift */; };
		CE40507E26C5686000466860 /* Edge.swift in Sources */ = {isa = PBXBuildFile; fileRef = CE40507D26C5686000466860 /* Edge.swift */; };
		CE40508126C5695B00466860 /* MetroGraph.swift in Sources */ = {isa = PBXBuildFile; fileRef = CE40508026C5695B00466860 /* MetroGraph.swift */; };
		CE40508426C57AB900466860 /* BezierLine.swift in Sources */ = {isa = PBXBuildFile; fileRef = CE40508326C57AB800466860 /* BezierLine.swift */; };
		CE54F1CC26C471210049A4F5 /* StationButton.swift in Sources */ = {isa = PBXBuildFile; fileRef = CE54F1CB26C471200049A4F5 /* StationButton.swift */; };
		CEB0895C26CD2FBB000F3029 /* StationsCreator.swift in Sources */ = {isa = PBXBuildFile; fileRef = CEB0895B26CD2FB9000F3029 /* StationsCreator.swift */; };
		CEB0896726CD3C04000F3029 /* SearchStationHeaderView.swift in Sources */ = {isa = PBXBuildFile; fileRef = CEB0896626CD3C04000F3029 /* SearchStationHeaderView.swift */; };
		CEB7DAB926C6C03400F35D9C /* DetailsTableViewController.swift in Sources */ = {isa = PBXBuildFile; fileRef = CEB7DAB826C6C03300F35D9C /* DetailsTableViewController.swift */; };
		CEB7DABC26C6C07000F35D9C /* DetailsCell.swift in Sources */ = {isa = PBXBuildFile; fileRef = CEB7DABB26C6C07000F35D9C /* DetailsCell.swift */; };
		CEB7DABF26C9380E00F35D9C /* PassthroughView.swift in Sources */ = {isa = PBXBuildFile; fileRef = CEB7DABE26C9380D00F35D9C /* PassthroughView.swift */; };
		CEB7DACA26CA6F0A00F35D9C /* TableHeaderView.swift in Sources */ = {isa = PBXBuildFile; fileRef = CEB7DAC926CA6F0A00F35D9C /* TableHeaderView.swift */; };
		CEB7DAD126CBA61A00F35D9C /* Podfile in Resources */ = {isa = PBXBuildFile; fileRef = CEB7DAD026CBA61A00F35D9C /* Podfile */; };
		CEE234E026CBA7950026FB5E /* SearchStationTableViewController.swift in Sources */ = {isa = PBXBuildFile; fileRef = CEE234DF26CBA7950026FB5E /* SearchStationTableViewController.swift */; };
		CEE234E426CBA7CA0026FB5E /* SearchStationTableViewCell.swift in Sources */ = {isa = PBXBuildFile; fileRef = CEE234E326CBA7CA0026FB5E /* SearchStationTableViewCell.swift */; };
/* End PBXBuildFile section */

/* Begin PBXFileReference section */
		58A3999C8A3D78F7E5C431F9 /* Pods-SaintP Metro.debug.xcconfig */ = {isa = PBXFileReference; includeInIndex = 1; lastKnownFileType = text.xcconfig; name = "Pods-SaintP Metro.debug.xcconfig"; path = "Target Support Files/Pods-SaintP Metro/Pods-SaintP Metro.debug.xcconfig"; sourceTree = "<group>"; };
		65590B5DBD7AFE6575CA5CAF /* Pods-SaintP Metro.release.xcconfig */ = {isa = PBXFileReference; includeInIndex = 1; lastKnownFileType = text.xcconfig; name = "Pods-SaintP Metro.release.xcconfig"; path = "Target Support Files/Pods-SaintP Metro/Pods-SaintP Metro.release.xcconfig"; sourceTree = "<group>"; };
		CE375CC626C163B800917607 /* SaintP Metro.app */ = {isa = PBXFileReference; explicitFileType = wrapper.application; includeInIndex = 0; path = "SaintP Metro.app"; sourceTree = BUILT_PRODUCTS_DIR; };
		CE375CC926C163B800917607 /* AppDelegate.swift */ = {isa = PBXFileReference; lastKnownFileType = sourcecode.swift; path = AppDelegate.swift; sourceTree = "<group>"; };
		CE375CCB26C163B800917607 /* SceneDelegate.swift */ = {isa = PBXFileReference; lastKnownFileType = sourcecode.swift; path = SceneDelegate.swift; sourceTree = "<group>"; };
		CE375CCD26C163B800917607 /* ViewController.swift */ = {isa = PBXFileReference; lastKnownFileType = sourcecode.swift; path = ViewController.swift; sourceTree = "<group>"; };
		CE375CD026C163B800917607 /* Base */ = {isa = PBXFileReference; lastKnownFileType = file.storyboard; name = Base; path = Base.lproj/Main.storyboard; sourceTree = "<group>"; };
		CE375CD226C163BC00917607 /* Assets.xcassets */ = {isa = PBXFileReference; lastKnownFileType = folder.assetcatalog; path = Assets.xcassets; sourceTree = "<group>"; };
		CE375CD526C163BC00917607 /* Base */ = {isa = PBXFileReference; lastKnownFileType = file.storyboard; name = Base; path = Base.lproj/LaunchScreen.storyboard; sourceTree = "<group>"; };
		CE375CD726C163BC00917607 /* Info.plist */ = {isa = PBXFileReference; lastKnownFileType = text.plist.xml; path = Info.plist; sourceTree = "<group>"; };
		CE375CDE26C164B300917607 /* .gitignore */ = {isa = PBXFileReference; lastKnownFileType = text; path = .gitignore; sourceTree = "<group>"; };
		CE40507A26C5681A00466860 /* Station.swift */ = {isa = PBXFileReference; lastKnownFileType = sourcecode.swift; path = Station.swift; sourceTree = "<group>"; };
		CE40507D26C5686000466860 /* Edge.swift */ = {isa = PBXFileReference; lastKnownFileType = sourcecode.swift; path = Edge.swift; sourceTree = "<group>"; };
		CE40508026C5695B00466860 /* MetroGraph.swift */ = {isa = PBXFileReference; lastKnownFileType = sourcecode.swift; path = MetroGraph.swift; sourceTree = "<group>"; };
		CE40508326C57AB800466860 /* BezierLine.swift */ = {isa = PBXFileReference; lastKnownFileType = sourcecode.swift; path = BezierLine.swift; sourceTree = "<group>"; };
		CE54F1CB26C471200049A4F5 /* StationButton.swift */ = {isa = PBXFileReference; lastKnownFileType = sourcecode.swift; path = StationButton.swift; sourceTree = "<group>"; };
		CEB0895B26CD2FB9000F3029 /* StationsCreator.swift */ = {isa = PBXFileReference; lastKnownFileType = sourcecode.swift; path = StationsCreator.swift; sourceTree = "<group>"; };
		CEB0896626CD3C04000F3029 /* SearchStationHeaderView.swift */ = {isa = PBXFileReference; lastKnownFileType = sourcecode.swift; path = SearchStationHeaderView.swift; sourceTree = "<group>"; };
		CEB7DAB826C6C03300F35D9C /* DetailsTableViewController.swift */ = {isa = PBXFileReference; lastKnownFileType = sourcecode.swift; path = DetailsTableViewController.swift; sourceTree = "<group>"; };
		CEB7DABB26C6C07000F35D9C /* DetailsCell.swift */ = {isa = PBXFileReference; lastKnownFileType = sourcecode.swift; path = DetailsCell.swift; sourceTree = "<group>"; };
		CEB7DABE26C9380D00F35D9C /* PassthroughView.swift */ = {isa = PBXFileReference; lastKnownFileType = sourcecode.swift; path = PassthroughView.swift; sourceTree = "<group>"; };
		CEB7DAC926CA6F0A00F35D9C /* TableHeaderView.swift */ = {isa = PBXFileReference; lastKnownFileType = sourcecode.swift; path = TableHeaderView.swift; sourceTree = "<group>"; };
		CEB7DAD026CBA61A00F35D9C /* Podfile */ = {isa = PBXFileReference; lastKnownFileType = text; path = Podfile; sourceTree = "<group>"; };
		CEE234DF26CBA7950026FB5E /* SearchStationTableViewController.swift */ = {isa = PBXFileReference; lastKnownFileType = sourcecode.swift; path = SearchStationTableViewController.swift; sourceTree = "<group>"; };
		CEE234E326CBA7CA0026FB5E /* SearchStationTableViewCell.swift */ = {isa = PBXFileReference; lastKnownFileType = sourcecode.swift; path = SearchStationTableViewCell.swift; sourceTree = "<group>"; };
		D23481C64FB84F4C5BDE6B66 /* Pods_SaintP_Metro.framework */ = {isa = PBXFileReference; explicitFileType = wrapper.framework; includeInIndex = 0; path = Pods_SaintP_Metro.framework; sourceTree = BUILT_PRODUCTS_DIR; };
/* End PBXFileReference section */

/* Begin PBXFrameworksBuildPhase section */
		CE375CC326C163B800917607 /* Frameworks */ = {
			isa = PBXFrameworksBuildPhase;
			buildActionMask = 2147483647;
			files = (
				2E71F7CAE67807B58983B4EF /* Pods_SaintP_Metro.framework in Frameworks */,
			);
			runOnlyForDeploymentPostprocessing = 0;
		};
/* End PBXFrameworksBuildPhase section */

/* Begin PBXGroup section */
		5E130E6974ACBCF9A603E8E0 /* Pods */ = {
			isa = PBXGroup;
			children = (
				58A3999C8A3D78F7E5C431F9 /* Pods-SaintP Metro.debug.xcconfig */,
				65590B5DBD7AFE6575CA5CAF /* Pods-SaintP Metro.release.xcconfig */,
			);
			path = Pods;
			sourceTree = "<group>";
		};
		7C29A71F131292C298837808 /* Frameworks */ = {
			isa = PBXGroup;
			children = (
				D23481C64FB84F4C5BDE6B66 /* Pods_SaintP_Metro.framework */,
			);
			name = Frameworks;
			sourceTree = "<group>";
		};
		CE375CBD26C163B800917607 = {
			isa = PBXGroup;
			children = (
				CEB7DAD026CBA61A00F35D9C /* Podfile */,
				CE375CDE26C164B300917607 /* .gitignore */,
				CE375CC826C163B800917607 /* SaintP Metro */,
				CE375CC726C163B800917607 /* Products */,
				5E130E6974ACBCF9A603E8E0 /* Pods */,
				7C29A71F131292C298837808 /* Frameworks */,
			);
			sourceTree = "<group>";
		};
		CE375CC726C163B800917607 /* Products */ = {
			isa = PBXGroup;
			children = (
				CE375CC626C163B800917607 /* SaintP Metro.app */,
			);
			name = Products;
			sourceTree = "<group>";
		};
		CE375CC826C163B800917607 /* SaintP Metro */ = {
			isa = PBXGroup;
			children = (
				CE375CC926C163B800917607 /* AppDelegate.swift */,
				CE375CCB26C163B800917607 /* SceneDelegate.swift */,
				CE375CCD26C163B800917607 /* ViewController.swift */,
				CE40508326C57AB800466860 /* BezierLine.swift */,
				CE54F1CB26C471200049A4F5 /* StationButton.swift */,
				CEB7DABE26C9380D00F35D9C /* PassthroughView.swift */,
				CEB7DAB826C6C03300F35D9C /* DetailsTableViewController.swift */,
				CEB7DAC926CA6F0A00F35D9C /* TableHeaderView.swift */,
				CEB7DABB26C6C07000F35D9C /* DetailsCell.swift */,
				CEE234DF26CBA7950026FB5E /* SearchStationTableViewController.swift */,
				CEE234E326CBA7CA0026FB5E /* SearchStationTableViewCell.swift */,
				CEB0896626CD3C04000F3029 /* SearchStationHeaderView.swift */,
				CEB0895B26CD2FB9000F3029 /* StationsCreator.swift */,
				CE375CCF26C163B800917607 /* Main.storyboard */,
				CEB0895F26CD36CD000F3029 /* Model */,
				CEB0896426CD379B000F3029 /* Helper */,
				CE375CD226C163BC00917607 /* Assets.xcassets */,
				CE375CD426C163BC00917607 /* LaunchScreen.storyboard */,
				CE375CD726C163BC00917607 /* Info.plist */,
			);
			path = "SaintP Metro";
			sourceTree = "<group>";
		};
		CEB0895F26CD36CD000F3029 /* Model */ = {
			isa = PBXGroup;
			children = (
				CE40508026C5695B00466860 /* MetroGraph.swift */,
				CE40507A26C5681A00466860 /* Station.swift */,
				CE40507D26C5686000466860 /* Edge.swift */,
			);
			path = Model;
			sourceTree = "<group>";
		};
		CEB0896426CD379B000F3029 /* Helper */ = {
			isa = PBXGroup;
			children = (
			);
			path = Helper;
			sourceTree = "<group>";
		};
/* End PBXGroup section */

/* Begin PBXNativeTarget section */
		CE375CC526C163B800917607 /* SaintP Metro */ = {
			isa = PBXNativeTarget;
			buildConfigurationList = CE375CDA26C163BC00917607 /* Build configuration list for PBXNativeTarget "SaintP Metro" */;
			buildPhases = (
				F828B391E1DBBD8C17E32C97 /* [CP] Check Pods Manifest.lock */,
				CE375CC226C163B800917607 /* Sources */,
				CE375CC326C163B800917607 /* Frameworks */,
				CE375CC426C163B800917607 /* Resources */,
				8C502A945DA75EB649B717E2 /* [CP] Embed Pods Frameworks */,
			);
			buildRules = (
			);
			dependencies = (
			);
			name = "SaintP Metro";
			productName = "SaintP Metro";
			productReference = CE375CC626C163B800917607 /* SaintP Metro.app */;
			productType = "com.apple.product-type.application";
		};
/* End PBXNativeTarget section */

/* Begin PBXProject section */
		CE375CBE26C163B800917607 /* Project object */ = {
			isa = PBXProject;
			attributes = {
				LastSwiftUpdateCheck = 1240;
				LastUpgradeCheck = 1240;
				TargetAttributes = {
					CE375CC526C163B800917607 = {
						CreatedOnToolsVersion = 12.4;
					};
				};
			};
			buildConfigurationList = CE375CC126C163B800917607 /* Build configuration list for PBXProject "SaintP Metro" */;
			compatibilityVersion = "Xcode 9.3";
			developmentRegion = en;
			hasScannedForEncodings = 0;
			knownRegions = (
				en,
				Base,
			);
			mainGroup = CE375CBD26C163B800917607;
			productRefGroup = CE375CC726C163B800917607 /* Products */;
			projectDirPath = "";
			projectRoot = "";
			targets = (
				CE375CC526C163B800917607 /* SaintP Metro */,
			);
		};
/* End PBXProject section */

/* Begin PBXResourcesBuildPhase section */
		CE375CC426C163B800917607 /* Resources */ = {
			isa = PBXResourcesBuildPhase;
			buildActionMask = 2147483647;
			files = (
				CEB7DAD126CBA61A00F35D9C /* Podfile in Resources */,
				CE375CDF26C164B300917607 /* .gitignore in Resources */,
				CE375CD626C163BC00917607 /* LaunchScreen.storyboard in Resources */,
				CE375CD326C163BC00917607 /* Assets.xcassets in Resources */,
				CE375CD126C163B800917607 /* Main.storyboard in Resources */,
			);
			runOnlyForDeploymentPostprocessing = 0;
		};
/* End PBXResourcesBuildPhase section */

/* Begin PBXShellScriptBuildPhase section */
		8C502A945DA75EB649B717E2 /* [CP] Embed Pods Frameworks */ = {
			isa = PBXShellScriptBuildPhase;
			buildActionMask = 2147483647;
			files = (
			);
			inputFileListPaths = (
				"${PODS_ROOT}/Target Support Files/Pods-SaintP Metro/Pods-SaintP Metro-frameworks-${CONFIGURATION}-input-files.xcfilelist",
			);
			name = "[CP] Embed Pods Frameworks";
			outputFileListPaths = (
				"${PODS_ROOT}/Target Support Files/Pods-SaintP Metro/Pods-SaintP Metro-frameworks-${CONFIGURATION}-output-files.xcfilelist",
			);
			runOnlyForDeploymentPostprocessing = 0;
			shellPath = /bin/sh;
			shellScript = "\"${PODS_ROOT}/Target Support Files/Pods-SaintP Metro/Pods-SaintP Metro-frameworks.sh\"\n";
			showEnvVarsInLog = 0;
		};
		F828B391E1DBBD8C17E32C97 /* [CP] Check Pods Manifest.lock */ = {
			isa = PBXShellScriptBuildPhase;
			buildActionMask = 2147483647;
			files = (
			);
			inputFileListPaths = (
			);
			inputPaths = (
				"${PODS_PODFILE_DIR_PATH}/Podfile.lock",
				"${PODS_ROOT}/Manifest.lock",
			);
			name = "[CP] Check Pods Manifest.lock";
			outputFileListPaths = (
			);
			outputPaths = (
				"$(DERIVED_FILE_DIR)/Pods-SaintP Metro-checkManifestLockResult.txt",
			);
			runOnlyForDeploymentPostprocessing = 0;
			shellPath = /bin/sh;
			shellScript = "diff \"${PODS_PODFILE_DIR_PATH}/Podfile.lock\" \"${PODS_ROOT}/Manifest.lock\" > /dev/null\nif [ $? != 0 ] ; then\n    # print error to STDERR\n    echo \"error: The sandbox is not in sync with the Podfile.lock. Run 'pod install' or update your CocoaPods installation.\" >&2\n    exit 1\nfi\n# This output is used by Xcode 'outputs' to avoid re-running this script phase.\necho \"SUCCESS\" > \"${SCRIPT_OUTPUT_FILE_0}\"\n";
			showEnvVarsInLog = 0;
		};
/* End PBXShellScriptBuildPhase section */

/* Begin PBXSourcesBuildPhase section */
		CE375CC226C163B800917607 /* Sources */ = {
			isa = PBXSourcesBuildPhase;
			buildActionMask = 2147483647;
			files = (
				CEB7DACA26CA6F0A00F35D9C /* TableHeaderView.swift in Sources */,
				CE54F1CC26C471210049A4F5 /* StationButton.swift in Sources */,
				CEE234E026CBA7950026FB5E /* SearchStationTableViewController.swift in Sources */,
				CE40507B26C5681A00466860 /* Station.swift in Sources */,
				CEB0896726CD3C04000F3029 /* SearchStationHeaderView.swift in Sources */,
				CEE234E426CBA7CA0026FB5E /* SearchStationTableViewCell.swift in Sources */,
				CEB0895C26CD2FBB000F3029 /* StationsCreator.swift in Sources */,
				CEB7DABC26C6C07000F35D9C /* DetailsCell.swift in Sources */,
				CE40507E26C5686000466860 /* Edge.swift in Sources */,
				CEB7DABF26C9380E00F35D9C /* PassthroughView.swift in Sources */,
				CE375CCE26C163B800917607 /* ViewController.swift in Sources */,
				CEB7DAB926C6C03400F35D9C /* DetailsTableViewController.swift in Sources */,
				CE40508426C57AB900466860 /* BezierLine.swift in Sources */,
				CE375CCA26C163B800917607 /* AppDelegate.swift in Sources */,
				CE375CCC26C163B800917607 /* SceneDelegate.swift in Sources */,
				CE40508126C5695B00466860 /* MetroGraph.swift in Sources */,
			);
			runOnlyForDeploymentPostprocessing = 0;
		};
/* End PBXSourcesBuildPhase section */

/* Begin PBXVariantGroup section */
		CE375CCF26C163B800917607 /* Main.storyboard */ = {
			isa = PBXVariantGroup;
			children = (
				CE375CD026C163B800917607 /* Base */,
			);
			name = Main.storyboard;
			sourceTree = "<group>";
		};
		CE375CD426C163BC00917607 /* LaunchScreen.storyboard */ = {
			isa = PBXVariantGroup;
			children = (
				CE375CD526C163BC00917607 /* Base */,
			);
			name = LaunchScreen.storyboard;
			sourceTree = "<group>";
		};
/* End PBXVariantGroup section */

/* Begin XCBuildConfiguration section */
		CE375CD826C163BC00917607 /* Debug */ = {
			isa = XCBuildConfiguration;
			buildSettings = {
				ALWAYS_SEARCH_USER_PATHS = NO;
				CLANG_ANALYZER_NONNULL = YES;
				CLANG_ANALYZER_NUMBER_OBJECT_CONVERSION = YES_AGGRESSIVE;
				CLANG_CXX_LANGUAGE_STANDARD = "gnu++14";
				CLANG_CXX_LIBRARY = "libc++";
				CLANG_ENABLE_MODULES = YES;
				CLANG_ENABLE_OBJC_ARC = YES;
				CLANG_ENABLE_OBJC_WEAK = YES;
				CLANG_WARN_BLOCK_CAPTURE_AUTORELEASING = YES;
				CLANG_WARN_BOOL_CONVERSION = YES;
				CLANG_WARN_COMMA = YES;
				CLANG_WARN_CONSTANT_CONVERSION = YES;
				CLANG_WARN_DEPRECATED_OBJC_IMPLEMENTATIONS = YES;
				CLANG_WARN_DIRECT_OBJC_ISA_USAGE = YES_ERROR;
				CLANG_WARN_DOCUMENTATION_COMMENTS = YES;
				CLANG_WARN_EMPTY_BODY = YES;
				CLANG_WARN_ENUM_CONVERSION = YES;
				CLANG_WARN_INFINITE_RECURSION = YES;
				CLANG_WARN_INT_CONVERSION = YES;
				CLANG_WARN_NON_LITERAL_NULL_CONVERSION = YES;
				CLANG_WARN_OBJC_IMPLICIT_RETAIN_SELF = YES;
				CLANG_WARN_OBJC_LITERAL_CONVERSION = YES;
				CLANG_WARN_OBJC_ROOT_CLASS = YES_ERROR;
				CLANG_WARN_QUOTED_INCLUDE_IN_FRAMEWORK_HEADER = YES;
				CLANG_WARN_RANGE_LOOP_ANALYSIS = YES;
				CLANG_WARN_STRICT_PROTOTYPES = YES;
				CLANG_WARN_SUSPICIOUS_MOVE = YES;
				CLANG_WARN_UNGUARDED_AVAILABILITY = YES_AGGRESSIVE;
				CLANG_WARN_UNREACHABLE_CODE = YES;
				CLANG_WARN__DUPLICATE_METHOD_MATCH = YES;
				COPY_PHASE_STRIP = NO;
				DEBUG_INFORMATION_FORMAT = dwarf;
				ENABLE_STRICT_OBJC_MSGSEND = YES;
				ENABLE_TESTABILITY = YES;
				GCC_C_LANGUAGE_STANDARD = gnu11;
				GCC_DYNAMIC_NO_PIC = NO;
				GCC_NO_COMMON_BLOCKS = YES;
				GCC_OPTIMIZATION_LEVEL = 0;
				GCC_PREPROCESSOR_DEFINITIONS = (
					"DEBUG=1",
					"$(inherited)",
				);
				GCC_WARN_64_TO_32_BIT_CONVERSION = YES;
				GCC_WARN_ABOUT_RETURN_TYPE = YES_ERROR;
				GCC_WARN_UNDECLARED_SELECTOR = YES;
				GCC_WARN_UNINITIALIZED_AUTOS = YES_AGGRESSIVE;
				GCC_WARN_UNUSED_FUNCTION = YES;
				GCC_WARN_UNUSED_VARIABLE = YES;
				IPHONEOS_DEPLOYMENT_TARGET = 14.4;
				MTL_ENABLE_DEBUG_INFO = INCLUDE_SOURCE;
				MTL_FAST_MATH = YES;
				ONLY_ACTIVE_ARCH = YES;
				SDKROOT = iphoneos;
				SWIFT_ACTIVE_COMPILATION_CONDITIONS = DEBUG;
				SWIFT_OPTIMIZATION_LEVEL = "-Onone";
			};
			name = Debug;
		};
		CE375CD926C163BC00917607 /* Release */ = {
			isa = XCBuildConfiguration;
			buildSettings = {
				ALWAYS_SEARCH_USER_PATHS = NO;
				CLANG_ANALYZER_NONNULL = YES;
				CLANG_ANALYZER_NUMBER_OBJECT_CONVERSION = YES_AGGRESSIVE;
				CLANG_CXX_LANGUAGE_STANDARD = "gnu++14";
				CLANG_CXX_LIBRARY = "libc++";
				CLANG_ENABLE_MODULES = YES;
				CLANG_ENABLE_OBJC_ARC = YES;
				CLANG_ENABLE_OBJC_WEAK = YES;
				CLANG_WARN_BLOCK_CAPTURE_AUTORELEASING = YES;
				CLANG_WARN_BOOL_CONVERSION = YES;
				CLANG_WARN_COMMA = YES;
				CLANG_WARN_CONSTANT_CONVERSION = YES;
				CLANG_WARN_DEPRECATED_OBJC_IMPLEMENTATIONS = YES;
				CLANG_WARN_DIRECT_OBJC_ISA_USAGE = YES_ERROR;
				CLANG_WARN_DOCUMENTATION_COMMENTS = YES;
				CLANG_WARN_EMPTY_BODY = YES;
				CLANG_WARN_ENUM_CONVERSION = YES;
				CLANG_WARN_INFINITE_RECURSION = YES;
				CLANG_WARN_INT_CONVERSION = YES;
				CLANG_WARN_NON_LITERAL_NULL_CONVERSION = YES;
				CLANG_WARN_OBJC_IMPLICIT_RETAIN_SELF = YES;
				CLANG_WARN_OBJC_LITERAL_CONVERSION = YES;
				CLANG_WARN_OBJC_ROOT_CLASS = YES_ERROR;
				CLANG_WARN_QUOTED_INCLUDE_IN_FRAMEWORK_HEADER = YES;
				CLANG_WARN_RANGE_LOOP_ANALYSIS = YES;
				CLANG_WARN_STRICT_PROTOTYPES = YES;
				CLANG_WARN_SUSPICIOUS_MOVE = YES;
				CLANG_WARN_UNGUARDED_AVAILABILITY = YES_AGGRESSIVE;
				CLANG_WARN_UNREACHABLE_CODE = YES;
				CLANG_WARN__DUPLICATE_METHOD_MATCH = YES;
				COPY_PHASE_STRIP = NO;
				DEBUG_INFORMATION_FORMAT = "dwarf-with-dsym";
				ENABLE_NS_ASSERTIONS = NO;
				ENABLE_STRICT_OBJC_MSGSEND = YES;
				GCC_C_LANGUAGE_STANDARD = gnu11;
				GCC_NO_COMMON_BLOCKS = YES;
				GCC_WARN_64_TO_32_BIT_CONVERSION = YES;
				GCC_WARN_ABOUT_RETURN_TYPE = YES_ERROR;
				GCC_WARN_UNDECLARED_SELECTOR = YES;
				GCC_WARN_UNINITIALIZED_AUTOS = YES_AGGRESSIVE;
				GCC_WARN_UNUSED_FUNCTION = YES;
				GCC_WARN_UNUSED_VARIABLE = YES;
				IPHONEOS_DEPLOYMENT_TARGET = 14.4;
				MTL_ENABLE_DEBUG_INFO = NO;
				MTL_FAST_MATH = YES;
				SDKROOT = iphoneos;
				SWIFT_COMPILATION_MODE = wholemodule;
				SWIFT_OPTIMIZATION_LEVEL = "-O";
				VALIDATE_PRODUCT = YES;
			};
			name = Release;
		};
		CE375CDB26C163BC00917607 /* Debug */ = {
			isa = XCBuildConfiguration;
			baseConfigurationReference = 58A3999C8A3D78F7E5C431F9 /* Pods-SaintP Metro.debug.xcconfig */;
			buildSettings = {
				ASSETCATALOG_COMPILER_APPICON_NAME = AppIcon;
				ASSETCATALOG_COMPILER_GLOBAL_ACCENT_COLOR_NAME = AccentColor;
				CODE_SIGN_STYLE = Automatic;
				DEVELOPMENT_TEAM = 5JFF3U9J3C;
				INFOPLIST_FILE = "SaintP Metro/Info.plist";
				IPHONEOS_DEPLOYMENT_TARGET = 14.1;
				LD_RUNPATH_SEARCH_PATHS = (
					"$(inherited)",
					"@executable_path/Frameworks",
				);
				PRODUCT_BUNDLE_IDENTIFIER = "com.alexeypavlov.SaintP-Metro";
				PRODUCT_NAME = "$(TARGET_NAME)";
				SWIFT_VERSION = 5.0;
				TARGETED_DEVICE_FAMILY = "1,2";
			};
			name = Debug;
		};
		CE375CDC26C163BC00917607 /* Release */ = {
			isa = XCBuildConfiguration;
			baseConfigurationReference = 65590B5DBD7AFE6575CA5CAF /* Pods-SaintP Metro.release.xcconfig */;
			buildSettings = {
				ASSETCATALOG_COMPILER_APPICON_NAME = AppIcon;
				ASSETCATALOG_COMPILER_GLOBAL_ACCENT_COLOR_NAME = AccentColor;
				CODE_SIGN_STYLE = Automatic;
				DEVELOPMENT_TEAM = 5JFF3U9J3C;
				INFOPLIST_FILE = "SaintP Metro/Info.plist";
				IPHONEOS_DEPLOYMENT_TARGET = 14.1;
				LD_RUNPATH_SEARCH_PATHS = (
					"$(inherited)",
					"@executable_path/Frameworks",
				);
				PRODUCT_BUNDLE_IDENTIFIER = "com.alexeypavlov.SaintP-Metro";
				PRODUCT_NAME = "$(TARGET_NAME)";
				SWIFT_VERSION = 5.0;
				TARGETED_DEVICE_FAMILY = "1,2";
			};
			name = Release;
		};
/* End XCBuildConfiguration section */

/* Begin XCConfigurationList section */
		CE375CC126C163B800917607 /* Build configuration list for PBXProject "SaintP Metro" */ = {
			isa = XCConfigurationList;
			buildConfigurations = (
				CE375CD826C163BC00917607 /* Debug */,
				CE375CD926C163BC00917607 /* Release */,
			);
			defaultConfigurationIsVisible = 0;
			defaultConfigurationName = Release;
		};
		CE375CDA26C163BC00917607 /* Build configuration list for PBXNativeTarget "SaintP Metro" */ = {
			isa = XCConfigurationList;
			buildConfigurations = (
				CE375CDB26C163BC00917607 /* Debug */,
				CE375CDC26C163BC00917607 /* Release */,
			);
			defaultConfigurationIsVisible = 0;
			defaultConfigurationName = Release;
		};
/* End XCConfigurationList section */
	};
	rootObject = CE375CBE26C163B800917607 /* Project object */;
}
